
Microsoft Visual Studio Solution File, Format Version 12.00
# Visual Studio Version 17
VisualStudioVersion = 17.5.002.0
MinimumVisualStudioVersion = 10.0.40219.1
Project("{9A19103F-16F7-4668-BE54-9A1E7A4F7556}") = "ThamcoProfiles", "ThamcoProfiles\ThamcoProfiles.csproj", "{37EBDB31-0F89-4B0D-9A63-AF3431DAAD84}"
EndProject
Project("{FAE04EC0-301F-11D3-BF4B-00C04F79EFBC}") = "ThamcoProfileTests", "ThamcoProfileTests\ThamcoProfileTests.csproj", "{9AB10E47-84D2-44A6-BBB6-76074B59A473}"
EndProject
Global
	GlobalSection(SolutionConfigurationPlatforms) = preSolution
		Debug|Any CPU = Debug|Any CPU
		Release|Any CPU = Release|Any CPU
	EndGlobalSection
	GlobalSection(ProjectConfigurationPlatforms) = postSolution
		{37EBDB31-0F89-4B0D-9A63-AF3431DAAD84}.Debug|Any CPU.ActiveCfg = Debug|Any CPU
		{37EBDB31-0F89-4B0D-9A63-AF3431DAAD84}.Debug|Any CPU.Build.0 = Debug|Any CPU
		{37EBDB31-0F89-4B0D-9A63-AF3431DAAD84}.Release|Any CPU.ActiveCfg = Release|Any CPU
		{37EBDB31-0F89-4B0D-9A63-AF3431DAAD84}.Release|Any CPU.Build.0 = Release|Any CPU
		{9AB10E47-84D2-44A6-BBB6-76074B59A473}.Debug|Any CPU.ActiveCfg = Debug|Any CPU
		{9AB10E47-84D2-44A6-BBB6-76074B59A473}.Debug|Any CPU.Build.0 = Debug|Any CPU
		{9AB10E47-84D2-44A6-BBB6-76074B59A473}.Release|Any CPU.ActiveCfg = Release|Any CPU
		{9AB10E47-84D2-44A6-BBB6-76074B59A473}.Release|Any CPU.Build.0 = Release|Any CPU
	EndGlobalSection
	GlobalSection(SolutionProperties) = preSolution
		HideSolutionNode = FALSE
	EndGlobalSection
	GlobalSection(ExtensibilityGlobals) = postSolution
		SolutionGuid = {E579DA16-AAFF-4AFC-AC5C-905D7D9BC46E}
	EndGlobalSection
EndGlobal
